// !$*UTF8*$!
{
	archiveVersion = 1;
	classes = {
	};
	objectVersion = 50;
	objects = {

/* Begin PBXBuildFile section */
		2A9E769424D354870035B2B7 /* AppDelegate.swift in Sources */ = {isa = PBXBuildFile; fileRef = 2A9E769324D354870035B2B7 /* AppDelegate.swift */; };
		2A9E769624D354870035B2B7 /* SceneDelegate.swift in Sources */ = {isa = PBXBuildFile; fileRef = 2A9E769524D354870035B2B7 /* SceneDelegate.swift */; };
		2A9E769B24D354870035B2B7 /* Main.storyboard in Resources */ = {isa = PBXBuildFile; fileRef = 2A9E769924D354870035B2B7 /* Main.storyboard */; };
		2A9E769E24D354870035B2B7 /* HogwartsHouses.xcdatamodeld in Sources */ = {isa = PBXBuildFile; fileRef = 2A9E769C24D354870035B2B7 /* HogwartsHouses.xcdatamodeld */; };
		2A9E76A024D354880035B2B7 /* Assets.xcassets in Resources */ = {isa = PBXBuildFile; fileRef = 2A9E769F24D354880035B2B7 /* Assets.xcassets */; };
		2A9E76A324D354880035B2B7 /* LaunchScreen.storyboard in Resources */ = {isa = PBXBuildFile; fileRef = 2A9E76A124D354880035B2B7 /* LaunchScreen.storyboard */; };
		2A9E76AF24D357830035B2B7 /* HogwartsHouses+Convenience.swift in Sources */ = {isa = PBXBuildFile; fileRef = 2A9E76AE24D357830035B2B7 /* HogwartsHouses+Convenience.swift */; };
		2A9E76B124D357D90035B2B7 /* CoreDataStack.swift in Sources */ = {isa = PBXBuildFile; fileRef = 2A9E76B024D357D90035B2B7 /* CoreDataStack.swift */; };
		2A9E76B524D35AB50035B2B7 /* HouseGuessController.swift in Sources */ = {isa = PBXBuildFile; fileRef = 2A9E76B424D35AB50035B2B7 /* HouseGuessController.swift */; };
		2A9E76B724D35DDC0035B2B7 /* MainTableViewController.swift in Sources */ = {isa = PBXBuildFile; fileRef = 2A9E76B624D35DDC0035B2B7 /* MainTableViewController.swift */; };
/* End PBXBuildFile section */

/* Begin PBXFileReference section */
		2A9E769024D354870035B2B7 /* HogwartsHouses.app */ = {isa = PBXFileReference; explicitFileType = wrapper.application; includeInIndex = 0; path = HogwartsHouses.app; sourceTree = BUILT_PRODUCTS_DIR; };
		2A9E769324D354870035B2B7 /* AppDelegate.swift */ = {isa = PBXFileReference; lastKnownFileType = sourcecode.swift; path = AppDelegate.swift; sourceTree = "<group>"; };
		2A9E769524D354870035B2B7 /* SceneDelegate.swift */ = {isa = PBXFileReference; lastKnownFileType = sourcecode.swift; path = SceneDelegate.swift; sourceTree = "<group>"; };
		2A9E769A24D354870035B2B7 /* Base */ = {isa = PBXFileReference; lastKnownFileType = file.storyboard; name = Base; path = Base.lproj/Main.storyboard; sourceTree = "<group>"; };
		2A9E769D24D354870035B2B7 /* HogwartsHouses.xcdatamodel */ = {isa = PBXFileReference; lastKnownFileType = wrapper.xcdatamodel; path = HogwartsHouses.xcdatamodel; sourceTree = "<group>"; };
		2A9E769F24D354880035B2B7 /* Assets.xcassets */ = {isa = PBXFileReference; lastKnownFileType = folder.assetcatalog; path = Assets.xcassets; sourceTree = "<group>"; };
		2A9E76A224D354880035B2B7 /* Base */ = {isa = PBXFileReference; lastKnownFileType = file.storyboard; name = Base; path = Base.lproj/LaunchScreen.storyboard; sourceTree = "<group>"; };
		2A9E76A424D354880035B2B7 /* Info.plist */ = {isa = PBXFileReference; lastKnownFileType = text.plist.xml; path = Info.plist; sourceTree = "<group>"; };
		2A9E76AE24D357830035B2B7 /* HogwartsHouses+Convenience.swift */ = {isa = PBXFileReference; lastKnownFileType = sourcecode.swift; path = "HogwartsHouses+Convenience.swift"; sourceTree = "<group>"; };
		2A9E76B024D357D90035B2B7 /* CoreDataStack.swift */ = {isa = PBXFileReference; lastKnownFileType = sourcecode.swift; path = CoreDataStack.swift; sourceTree = "<group>"; };
		2A9E76B424D35AB50035B2B7 /* HouseGuessController.swift */ = {isa = PBXFileReference; lastKnownFileType = sourcecode.swift; path = HouseGuessController.swift; sourceTree = "<group>"; };
		2A9E76B624D35DDC0035B2B7 /* MainTableViewController.swift */ = {isa = PBXFileReference; lastKnownFileType = sourcecode.swift; path = MainTableViewController.swift; sourceTree = "<group>"; };
/* End PBXFileReference section */

/* Begin PBXFrameworksBuildPhase section */
		2A9E768D24D354870035B2B7 /* Frameworks */ = {
			isa = PBXFrameworksBuildPhase;
			buildActionMask = 2147483647;
			files = (
			);
			runOnlyForDeploymentPostprocessing = 0;
		};
/* End PBXFrameworksBuildPhase section */

/* Begin PBXGroup section */
		2A9E768724D354870035B2B7 = {
			isa = PBXGroup;
			children = (
				2A9E769224D354870035B2B7 /* HogwartsHouses */,
				2A9E769124D354870035B2B7 /* Products */,
			);
			sourceTree = "<group>";
		};
		2A9E769124D354870035B2B7 /* Products */ = {
			isa = PBXGroup;
			children = (
				2A9E769024D354870035B2B7 /* HogwartsHouses.app */,
			);
			name = Products;
			sourceTree = "<group>";
		};
		2A9E769224D354870035B2B7 /* HogwartsHouses */ = {
			isa = PBXGroup;
			children = (
				2A9E769C24D354870035B2B7 /* HogwartsHouses.xcdatamodeld */,
				2A9E76AD24D355A10035B2B7 /* Models */,
				2A9E76AC24D3559E0035B2B7 /* Views */,
				2A9E76AB24D355990035B2B7 /* Controllers */,
				2A9E76AA24D3558B0035B2B7 /* Resources */,
			);
			path = HogwartsHouses;
			sourceTree = "<group>";
		};
		2A9E76AA24D3558B0035B2B7 /* Resources */ = {
			isa = PBXGroup;
			children = (
				2A9E769324D354870035B2B7 /* AppDelegate.swift */,
				2A9E769524D354870035B2B7 /* SceneDelegate.swift */,
				2A9E769F24D354880035B2B7 /* Assets.xcassets */,
				2A9E76A124D354880035B2B7 /* LaunchScreen.storyboard */,
				2A9E76A424D354880035B2B7 /* Info.plist */,
			);
			path = Resources;
			sourceTree = "<group>";
		};
		2A9E76AB24D355990035B2B7 /* Controllers */ = {
			isa = PBXGroup;
			children = (
				2A9E76B324D35A8C0035B2B7 /* ModelControllers */,
				2A9E76B224D35A830035B2B7 /* ViewControllers */,
			);
			path = Controllers;
			sourceTree = "<group>";
		};
		2A9E76AC24D3559E0035B2B7 /* Views */ = {
			isa = PBXGroup;
			children = (
				2A9E769924D354870035B2B7 /* Main.storyboard */,
			);
			path = Views;
			sourceTree = "<group>";
		};
		2A9E76AD24D355A10035B2B7 /* Models */ = {
			isa = PBXGroup;
			children = (
				2A9E76AE24D357830035B2B7 /* HogwartsHouses+Convenience.swift */,
				2A9E76B024D357D90035B2B7 /* CoreDataStack.swift */,
			);
			path = Models;
			sourceTree = "<group>";
		};
		2A9E76B224D35A830035B2B7 /* ViewControllers */ = {
			isa = PBXGroup;
			children = (
				2A9E76B624D35DDC0035B2B7 /* MainTableViewController.swift */,
			);
			path = ViewControllers;
			sourceTree = "<group>";
		};
		2A9E76B324D35A8C0035B2B7 /* ModelControllers */ = {
			isa = PBXGroup;
			children = (
				2A9E76B424D35AB50035B2B7 /* HouseGuessController.swift */,
			);
			path = ModelControllers;
			sourceTree = "<group>";
		};
/* End PBXGroup section */

/* Begin PBXNativeTarget section */
		2A9E768F24D354870035B2B7 /* HogwartsHouses */ = {
			isa = PBXNativeTarget;
			buildConfigurationList = 2A9E76A724D354880035B2B7 /* Build configuration list for PBXNativeTarget "HogwartsHouses" */;
			buildPhases = (
				2A9E768C24D354870035B2B7 /* Sources */,
				2A9E768D24D354870035B2B7 /* Frameworks */,
				2A9E768E24D354870035B2B7 /* Resources */,
			);
			buildRules = (
			);
			dependencies = (
			);
			name = HogwartsHouses;
			productName = HogwartsHouses;
			productReference = 2A9E769024D354870035B2B7 /* HogwartsHouses.app */;
			productType = "com.apple.product-type.application";
		};
/* End PBXNativeTarget section */

/* Begin PBXProject section */
		2A9E768824D354870035B2B7 /* Project object */ = {
			isa = PBXProject;
			attributes = {
				LastSwiftUpdateCheck = 1160;
				LastUpgradeCheck = 1160;
				ORGANIZATIONNAME = "Austin Goetz";
				TargetAttributes = {
					2A9E768F24D354870035B2B7 = {
						CreatedOnToolsVersion = 11.6;
					};
				};
			};
			buildConfigurationList = 2A9E768B24D354870035B2B7 /* Build configuration list for PBXProject "HogwartsHouses" */;
			compatibilityVersion = "Xcode 9.3";
			developmentRegion = en;
			hasScannedForEncodings = 0;
			knownRegions = (
				en,
				Base,
			);
			mainGroup = 2A9E768724D354870035B2B7;
			productRefGroup = 2A9E769124D354870035B2B7 /* Products */;
			projectDirPath = "";
			projectRoot = "";
			targets = (
				2A9E768F24D354870035B2B7 /* HogwartsHouses */,
			);
		};
/* End PBXProject section */

/* Begin PBXResourcesBuildPhase section */
		2A9E768E24D354870035B2B7 /* Resources */ = {
			isa = PBXResourcesBuildPhase;
			buildActionMask = 2147483647;
			files = (
				2A9E76A324D354880035B2B7 /* LaunchScreen.storyboard in Resources */,
				2A9E76A024D354880035B2B7 /* Assets.xcassets in Resources */,
				2A9E769B24D354870035B2B7 /* Main.storyboard in Resources */,
			);
			runOnlyForDeploymentPostprocessing = 0;
		};
/* End PBXResourcesBuildPhase section */

/* Begin PBXSourcesBuildPhase section */
		2A9E768C24D354870035B2B7 /* Sources */ = {
			isa = PBXSourcesBuildPhase;
			buildActionMask = 2147483647;
			files = (
				2A9E76B524D35AB50035B2B7 /* HouseGuessController.swift in Sources */,
				2A9E76B124D357D90035B2B7 /* CoreDataStack.swift in Sources */,
				2A9E769E24D354870035B2B7 /* HogwartsHouses.xcdatamodeld in Sources */,
				2A9E769424D354870035B2B7 /* AppDelegate.swift in Sources */,
				2A9E76AF24D357830035B2B7 /* HogwartsHouses+Convenience.swift in Sources */,
				2A9E769624D354870035B2B7 /* SceneDelegate.swift in Sources */,
				2A9E76B724D35DDC0035B2B7 /* MainTableViewController.swift in Sources */,
			);
			runOnlyForDeploymentPostprocessing = 0;
		};
/* End PBXSourcesBuildPhase section */

/* Begin PBXVariantGroup section */
		2A9E769924D354870035B2B7 /* Main.storyboard */ = {
			isa = PBXVariantGroup;
			children = (
				2A9E769A24D354870035B2B7 /* Base */,
			);
			name = Main.storyboard;
			sourceTree = "<group>";
		};
		2A9E76A124D354880035B2B7 /* LaunchScreen.storyboard */ = {
			isa = PBXVariantGroup;
			children = (
				2A9E76A224D354880035B2B7 /* Base */,
			);
			name = LaunchScreen.storyboard;
			sourceTree = "<group>";
		};
/* End PBXVariantGroup section */

/* Begin XCBuildConfiguration section */
		2A9E76A524D354880035B2B7 /* Debug */ = {
			isa = XCBuildConfiguration;
			buildSettings = {
				ALWAYS_SEARCH_USER_PATHS = NO;
				CLANG_ANALYZER_NONNULL = YES;
				CLANG_ANALYZER_NUMBER_OBJECT_CONVERSION = YES_AGGRESSIVE;
				CLANG_CXX_LANGUAGE_STANDARD = "gnu++14";
				CLANG_CXX_LIBRARY = "libc++";
				CLANG_ENABLE_MODULES = YES;
				CLANG_ENABLE_OBJC_ARC = YES;
				CLANG_ENABLE_OBJC_WEAK = YES;
				CLANG_WARN_BLOCK_CAPTURE_AUTORELEASING = YES;
				CLANG_WARN_BOOL_CONVERSION = YES;
				CLANG_WARN_COMMA = YES;
				CLANG_WARN_CONSTANT_CONVERSION = YES;
				CLANG_WARN_DEPRECATED_OBJC_IMPLEMENTATIONS = YES;
				CLANG_WARN_DIRECT_OBJC_ISA_USAGE = YES_ERROR;
				CLANG_WARN_DOCUMENTATION_COMMENTS = YES;
				CLANG_WARN_EMPTY_BODY = YES;
				CLANG_WARN_ENUM_CONVERSION = YES;
				CLANG_WARN_INFINITE_RECURSION = YES;
				CLANG_WARN_INT_CONVERSION = YES;
				CLANG_WARN_NON_LITERAL_NULL_CONVERSION = YES;
				CLANG_WARN_OBJC_IMPLICIT_RETAIN_SELF = YES;
				CLANG_WARN_OBJC_LITERAL_CONVERSION = YES;
				CLANG_WARN_OBJC_ROOT_CLASS = YES_ERROR;
				CLANG_WARN_RANGE_LOOP_ANALYSIS = YES;
				CLANG_WARN_STRICT_PROTOTYPES = YES;
				CLANG_WARN_SUSPICIOUS_MOVE = YES;
				CLANG_WARN_UNGUARDED_AVAILABILITY = YES_AGGRESSIVE;
				CLANG_WARN_UNREACHABLE_CODE = YES;
				CLANG_WARN__DUPLICATE_METHOD_MATCH = YES;
				COPY_PHASE_STRIP = NO;
				DEBUG_INFORMATION_FORMAT = dwarf;
				ENABLE_STRICT_OBJC_MSGSEND = YES;
				ENABLE_TESTABILITY = YES;
				GCC_C_LANGUAGE_STANDARD = gnu11;
				GCC_DYNAMIC_NO_PIC = NO;
				GCC_NO_COMMON_BLOCKS = YES;
				GCC_OPTIMIZATION_LEVEL = 0;
				GCC_PREPROCESSOR_DEFINITIONS = (
					"DEBUG=1",
					"$(inherited)",
				);
				GCC_WARN_64_TO_32_BIT_CONVERSION = YES;
				GCC_WARN_ABOUT_RETURN_TYPE = YES_ERROR;
				GCC_WARN_UNDECLARED_SELECTOR = YES;
				GCC_WARN_UNINITIALIZED_AUTOS = YES_AGGRESSIVE;
				GCC_WARN_UNUSED_FUNCTION = YES;
				GCC_WARN_UNUSED_VARIABLE = YES;
				IPHONEOS_DEPLOYMENT_TARGET = 13.6;
				MTL_ENABLE_DEBUG_INFO = INCLUDE_SOURCE;
				MTL_FAST_MATH = YES;
				ONLY_ACTIVE_ARCH = YES;
				SDKROOT = iphoneos;
				SWIFT_ACTIVE_COMPILATION_CONDITIONS = DEBUG;
				SWIFT_OPTIMIZATION_LEVEL = "-Onone";
			};
			name = Debug;
		};
		2A9E76A624D354880035B2B7 /* Release */ = {
			isa = XCBuildConfiguration;
			buildSettings = {
				ALWAYS_SEARCH_USER_PATHS = NO;
				CLANG_ANALYZER_NONNULL = YES;
				CLANG_ANALYZER_NUMBER_OBJECT_CONVERSION = YES_AGGRESSIVE;
				CLANG_CXX_LANGUAGE_STANDARD = "gnu++14";
				CLANG_CXX_LIBRARY = "libc++";
				CLANG_ENABLE_MODULES = YES;
				CLANG_ENABLE_OBJC_ARC = YES;
				CLANG_ENABLE_OBJC_WEAK = YES;
				CLANG_WARN_BLOCK_CAPTURE_AUTORELEASING = YES;
				CLANG_WARN_BOOL_CONVERSION = YES;
				CLANG_WARN_COMMA = YES;
				CLANG_WARN_CONSTANT_CONVERSION = YES;
				CLANG_WARN_DEPRECATED_OBJC_IMPLEMENTATIONS = YES;
				CLANG_WARN_DIRECT_OBJC_ISA_USAGE = YES_ERROR;
				CLANG_WARN_DOCUMENTATION_COMMENTS = YES;
				CLANG_WARN_EMPTY_BODY = YES;
				CLANG_WARN_ENUM_CONVERSION = YES;
				CLANG_WARN_INFINITE_RECURSION = YES;
				CLANG_WARN_INT_CONVERSION = YES;
				CLANG_WARN_NON_LITERAL_NULL_CONVERSION = YES;
				CLANG_WARN_OBJC_IMPLICIT_RETAIN_SELF = YES;
				CLANG_WARN_OBJC_LITERAL_CONVERSION = YES;
				CLANG_WARN_OBJC_ROOT_CLASS = YES_ERROR;
				CLANG_WARN_RANGE_LOOP_ANALYSIS = YES;
				CLANG_WARN_STRICT_PROTOTYPES = YES;
				CLANG_WARN_SUSPICIOUS_MOVE = YES;
				CLANG_WARN_UNGUARDED_AVAILABILITY = YES_AGGRESSIVE;
				CLANG_WARN_UNREACHABLE_CODE = YES;
				CLANG_WARN__DUPLICATE_METHOD_MATCH = YES;
				COPY_PHASE_STRIP = NO;
				DEBUG_INFORMATION_FORMAT = "dwarf-with-dsym";
				ENABLE_NS_ASSERTIONS = NO;
				ENABLE_STRICT_OBJC_MSGSEND = YES;
				GCC_C_LANGUAGE_STANDARD = gnu11;
				GCC_NO_COMMON_BLOCKS = YES;
				GCC_WARN_64_TO_32_BIT_CONVERSION = YES;
				GCC_WARN_ABOUT_RETURN_TYPE = YES_ERROR;
				GCC_WARN_UNDECLARED_SELECTOR = YES;
				GCC_WARN_UNINITIALIZED_AUTOS = YES_AGGRESSIVE;
				GCC_WARN_UNUSED_FUNCTION = YES;
				GCC_WARN_UNUSED_VARIABLE = YES;
				IPHONEOS_DEPLOYMENT_TARGET = 13.6;
				MTL_ENABLE_DEBUG_INFO = NO;
				MTL_FAST_MATH = YES;
				SDKROOT = iphoneos;
				SWIFT_COMPILATION_MODE = wholemodule;
				SWIFT_OPTIMIZATION_LEVEL = "-O";
				VALIDATE_PRODUCT = YES;
			};
			name = Release;
		};
		2A9E76A824D354880035B2B7 /* Debug */ = {
			isa = XCBuildConfiguration;
			buildSettings = {
				ASSETCATALOG_COMPILER_APPICON_NAME = AppIcon;
				CODE_SIGN_STYLE = Automatic;
				DEVELOPMENT_TEAM = G359J97949;
				INFOPLIST_FILE = HogwartsHouses/Info.plist;
				LD_RUNPATH_SEARCH_PATHS = (
					"$(inherited)",
					"@executable_path/Frameworks",
				);
				PRODUCT_BUNDLE_IDENTIFIER = com.AustinGoetz.HogwartsHouses;
				PRODUCT_NAME = "$(TARGET_NAME)";
				SWIFT_VERSION = 5.0;
				TARGETED_DEVICE_FAMILY = "1,2";
			};
			name = Debug;
		};
		2A9E76A924D354880035B2B7 /* Release */ = {
			isa = XCBuildConfiguration;
			buildSettings = {
				ASSETCATALOG_COMPILER_APPICON_NAME = AppIcon;
				CODE_SIGN_STYLE = Automatic;
				DEVELOPMENT_TEAM = G359J97949;
				INFOPLIST_FILE = HogwartsHouses/Info.plist;
				LD_RUNPATH_SEARCH_PATHS = (
					"$(inherited)",
					"@executable_path/Frameworks",
				);
				PRODUCT_BUNDLE_IDENTIFIER = com.AustinGoetz.HogwartsHouses;
				PRODUCT_NAME = "$(TARGET_NAME)";
				SWIFT_VERSION = 5.0;
				TARGETED_DEVICE_FAMILY = "1,2";
			};
			name = Release;
		};
/* End XCBuildConfiguration section */

/* Begin XCConfigurationList section */
		2A9E768B24D354870035B2B7 /* Build configuration list for PBXProject "HogwartsHouses" */ = {
			isa = XCConfigurationList;
			buildConfigurations = (
				2A9E76A524D354880035B2B7 /* Debug */,
				2A9E76A624D354880035B2B7 /* Release */,
			);
			defaultConfigurationIsVisible = 0;
			defaultConfigurationName = Release;
		};
		2A9E76A724D354880035B2B7 /* Build configuration list for PBXNativeTarget "HogwartsHouses" */ = {
			isa = XCConfigurationList;
			buildConfigurations = (
				2A9E76A824D354880035B2B7 /* Debug */,
				2A9E76A924D354880035B2B7 /* Release */,
			);
			defaultConfigurationIsVisible = 0;
			defaultConfigurationName = Release;
		};
/* End XCConfigurationList section */

/* Begin XCVersionGroup section */
		2A9E769C24D354870035B2B7 /* HogwartsHouses.xcdatamodeld */ = {
			isa = XCVersionGroup;
			children = (
				2A9E769D24D354870035B2B7 /* HogwartsHouses.xcdatamodel */,
			);
			currentVersion = 2A9E769D24D354870035B2B7 /* HogwartsHouses.xcdatamodel */;
			path = HogwartsHouses.xcdatamodeld;
			sourceTree = "<group>";
			versionGroupType = wrapper.xcdatamodel;
		};
/* End XCVersionGroup section */
	};
	rootObject = 2A9E768824D354870035B2B7 /* Project object */;
}
